
Microsoft Visual Studio Solution File, Format Version 12.00
# Visual Studio 15
VisualStudioVersion = 15.0.27428.2037
MinimumVisualStudioVersion = 10.0.40219.1
Project("{9A19103F-16F7-4668-BE54-9A1E7A4F7556}") = "Unisol.Web.Portal", "Unisol.Web.Portal\Unisol.Web.Portal.csproj", "{CA927E50-F451-4EE2-B8F4-7CD6C61EB190}"
EndProject
Project("{9A19103F-16F7-4668-BE54-9A1E7A4F7556}") = "Unisol.Web.Entities", "Unisol.Web.Entities\Unisol.Web.Entities.csproj", "{B9CD0DA7-B344-4987-8ED3-8AE294F14BF3}"
EndProject
Project("{9A19103F-16F7-4668-BE54-9A1E7A4F7556}") = "Unisol.Web.Common", "Unisol.Web.Common\Unisol.Web.Common.csproj", "{529AE823-E34D-4241-950A-878AFDF83572}"
EndProject
Project("{9A19103F-16F7-4668-BE54-9A1E7A4F7556}") = "Unisol.Web.Api", "Unisol.Web.Api\Unisol.Web.Api.csproj", "{853943F3-C26C-4A4B-B4D9-70FB1AD6ACE6}"
EndProject
Project("{FAE04EC0-301F-11D3-BF4B-00C04F79EFBC}") = "Portal.UnitTests", "Portal.UnitTests\Portal.UnitTests.csproj", "{473336DD-BD89-4DE7-89A0-6B23B55FB7C2}"
EndProject
Global
	GlobalSection(SolutionConfigurationPlatforms) = preSolution
		Debug|Any CPU = Debug|Any CPU
		Release|Any CPU = Release|Any CPU
	EndGlobalSection
	GlobalSection(ProjectConfigurationPlatforms) = postSolution
		{CA927E50-F451-4EE2-B8F4-7CD6C61EB190}.Debug|Any CPU.ActiveCfg = Debug|Any CPU
		{CA927E50-F451-4EE2-B8F4-7CD6C61EB190}.Debug|Any CPU.Build.0 = Debug|Any CPU
		{CA927E50-F451-4EE2-B8F4-7CD6C61EB190}.Release|Any CPU.ActiveCfg = Release|Any CPU
		{CA927E50-F451-4EE2-B8F4-7CD6C61EB190}.Release|Any CPU.Build.0 = Release|Any CPU
		{B9CD0DA7-B344-4987-8ED3-8AE294F14BF3}.Debug|Any CPU.ActiveCfg = Debug|Any CPU
		{B9CD0DA7-B344-4987-8ED3-8AE294F14BF3}.Debug|Any CPU.Build.0 = Debug|Any CPU
		{B9CD0DA7-B344-4987-8ED3-8AE294F14BF3}.Release|Any CPU.ActiveCfg = Release|Any CPU
		{B9CD0DA7-B344-4987-8ED3-8AE294F14BF3}.Release|Any CPU.Build.0 = Release|Any CPU
		{529AE823-E34D-4241-950A-878AFDF83572}.Debug|Any CPU.ActiveCfg = Debug|Any CPU
		{529AE823-E34D-4241-950A-878AFDF83572}.Debug|Any CPU.Build.0 = Debug|Any CPU
		{529AE823-E34D-4241-950A-878AFDF83572}.Release|Any CPU.ActiveCfg = Release|Any CPU
		{529AE823-E34D-4241-950A-878AFDF83572}.Release|Any CPU.Build.0 = Release|Any CPU
		{853943F3-C26C-4A4B-B4D9-70FB1AD6ACE6}.Debug|Any CPU.ActiveCfg = Debug|Any CPU
		{853943F3-C26C-4A4B-B4D9-70FB1AD6ACE6}.Debug|Any CPU.Build.0 = Debug|Any CPU
		{853943F3-C26C-4A4B-B4D9-70FB1AD6ACE6}.Release|Any CPU.ActiveCfg = Release|Any CPU
		{853943F3-C26C-4A4B-B4D9-70FB1AD6ACE6}.Release|Any CPU.Build.0 = Release|Any CPU
		{473336DD-BD89-4DE7-89A0-6B23B55FB7C2}.Debug|Any CPU.ActiveCfg = Debug|Any CPU
		{473336DD-BD89-4DE7-89A0-6B23B55FB7C2}.Debug|Any CPU.Build.0 = Debug|Any CPU
		{473336DD-BD89-4DE7-89A0-6B23B55FB7C2}.Release|Any CPU.ActiveCfg = Release|Any CPU
		{473336DD-BD89-4DE7-89A0-6B23B55FB7C2}.Release|Any CPU.Build.0 = Release|Any CPU
	EndGlobalSection
	GlobalSection(SolutionProperties) = preSolution
		HideSolutionNode = FALSE
	EndGlobalSection
	GlobalSection(ExtensibilityGlobals) = postSolution
		SolutionGuid = {0C76F202-1542-424C-A70C-D6F5A365A31B}
	EndGlobalSection
EndGlobal
